# This file is automatically @generated by Cargo.
# It is not intended for manual editing.
version = 4

[[package]]
name = "ascii-dag"
version = "0.9.1"
source = "registry+https://github.com/rust-lang/crates.io-index"
checksum = "cd898d2dcffeeb51015c511a2849a8637c894b833afc946936d48b1e5c8aa6ec"

[[package]]
name = "hywiki-ascii-dag"
version = "0.1.0"
dependencies = [
 "ascii-dag",
]
